
Microsoft Visual Studio Solution File, Format Version 12.00
# Visual Studio Version 16
VisualStudioVersion = 16.0.30114.105
MinimumVisualStudioVersion = 10.0.40219.1
Project("{FAE04EC0-301F-11D3-BF4B-00C04F79EFBC}") = "WebApi", "WebApi\WebApi.csproj", "{C3CBA83C-3F92-4A7D-BA8C-95049BD0653A}"
EndProject
Project("{FAE04EC0-301F-11D3-BF4B-00C04F79EFBC}") = "Tests", "Tests\Tests.csproj", "{4FF2E874-3269-4900-A41A-7A5C9FEA986A}"
EndProject
Global
	GlobalSection(SolutionConfigurationPlatforms) = preSolution
		Debug|Any CPU = Debug|Any CPU
		Debug|x64 = Debug|x64
		Debug|x86 = Debug|x86
		Release|Any CPU = Release|Any CPU
		Release|x64 = Release|x64
		Release|x86 = Release|x86
	EndGlobalSection
	GlobalSection(SolutionProperties) = preSolution
		HideSolutionNode = FALSE
	EndGlobalSection
	GlobalSection(ProjectConfigurationPlatforms) = postSolution
		{C3CBA83C-3F92-4A7D-BA8C-95049BD0653A}.Debug|Any CPU.ActiveCfg = Debug|Any CPU
		{C3CBA83C-3F92-4A7D-BA8C-95049BD0653A}.Debug|Any CPU.Build.0 = Debug|Any CPU
		{C3CBA83C-3F92-4A7D-BA8C-95049BD0653A}.Debug|x64.ActiveCfg = Debug|Any CPU
		{C3CBA83C-3F92-4A7D-BA8C-95049BD0653A}.Debug|x64.Build.0 = Debug|Any CPU
		{C3CBA83C-3F92-4A7D-BA8C-95049BD0653A}.Debug|x86.ActiveCfg = Debug|Any CPU
		{C3CBA83C-3F92-4A7D-BA8C-95049BD0653A}.Debug|x86.Build.0 = Debug|Any CPU
		{C3CBA83C-3F92-4A7D-BA8C-95049BD0653A}.Release|Any CPU.ActiveCfg = Release|Any CPU
		{C3CBA83C-3F92-4A7D-BA8C-95049BD0653A}.Release|Any CPU.Build.0 = Release|Any CPU
		{C3CBA83C-3F92-4A7D-BA8C-95049BD0653A}.Release|x64.ActiveCfg = Release|Any CPU
		{C3CBA83C-3F92-4A7D-BA8C-95049BD0653A}.Release|x64.Build.0 = Release|Any CPU
		{C3CBA83C-3F92-4A7D-BA8C-95049BD0653A}.Release|x86.ActiveCfg = Release|Any CPU
		{C3CBA83C-3F92-4A7D-BA8C-95049BD0653A}.Release|x86.Build.0 = Release|Any CPU
		{4FF2E874-3269-4900-A41A-7A5C9FEA986A}.Debug|Any CPU.ActiveCfg = Debug|Any CPU
		{4FF2E874-3269-4900-A41A-7A5C9FEA986A}.Debug|Any CPU.Build.0 = Debug|Any CPU
		{4FF2E874-3269-4900-A41A-7A5C9FEA986A}.Debug|x64.ActiveCfg = Debug|Any CPU
		{4FF2E874-3269-4900-A41A-7A5C9FEA986A}.Debug|x64.Build.0 = Debug|Any CPU
		{4FF2E874-3269-4900-A41A-7A5C9FEA986A}.Debug|x86.ActiveCfg = Debug|Any CPU
		{4FF2E874-3269-4900-A41A-7A5C9FEA986A}.Debug|x86.Build.0 = Debug|Any CPU
		{4FF2E874-3269-4900-A41A-7A5C9FEA986A}.Release|Any CPU.ActiveCfg = Release|Any CPU
		{4FF2E874-3269-4900-A41A-7A5C9FEA986A}.Release|Any CPU.Build.0 = Release|Any CPU
		{4FF2E874-3269-4900-A41A-7A5C9FEA986A}.Release|x64.ActiveCfg = Release|Any CPU
		{4FF2E874-3269-4900-A41A-7A5C9FEA986A}.Release|x64.Build.0 = Release|Any CPU
		{4FF2E874-3269-4900-A41A-7A5C9FEA986A}.Release|x86.ActiveCfg = Release|Any CPU
		{4FF2E874-3269-4900-A41A-7A5C9FEA986A}.Release|x86.Build.0 = Release|Any CPU
	EndGlobalSection
EndGlobal
